
Microsoft Visual Studio Solution File, Format Version 12.00
# Visual Studio Version 17
VisualStudioVersion = 17.11.35208.52
MinimumVisualStudioVersion = 10.0.40219.1
Project("{FAE04EC0-301F-11D3-BF4B-00C04F79EFBC}") = "groupboxdemo", "groupboxdemo\groupboxdemo.csproj", "{3A2D1F62-9F40-4D80-A8E5-2D2DB6C45A88}"
EndProject
Global
	GlobalSection(SolutionConfigurationPlatforms) = preSolution
		Debug|Any CPU = Debug|Any CPU
		Release|Any CPU = Release|Any CPU
	EndGlobalSection
	GlobalSection(ProjectConfigurationPlatforms) = postSolution
		{3A2D1F62-9F40-4D80-A8E5-2D2DB6C45A88}.Debug|Any CPU.ActiveCfg = Debug|Any CPU
		{3A2D1F62-9F40-4D80-A8E5-2D2DB6C45A88}.Debug|Any CPU.Build.0 = Debug|Any CPU
		{3A2D1F62-9F40-4D80-A8E5-2D2DB6C45A88}.Release|Any CPU.ActiveCfg = Release|Any CPU
		{3A2D1F62-9F40-4D80-A8E5-2D2DB6C45A88}.Release|Any CPU.Build.0 = Release|Any CPU
	EndGlobalSection
	GlobalSection(SolutionProperties) = preSolution
		HideSolutionNode = FALSE
	EndGlobalSection
	GlobalSection(ExtensibilityGlobals) = postSolution
		SolutionGuid = {29053F3E-0229-494B-B3C5-A822A35B3CD0}
	EndGlobalSection
EndGlobal
